
Microsoft Visual Studio Solution File, Format Version 12.00
# Visual Studio Version 16
VisualStudioVersion = 16.0.31112.23
MinimumVisualStudioVersion = 10.0.40219.1
Project("{FAE04EC0-301F-11D3-BF4B-00C04F79EFBC}") = "FactoryMultiplier", "FactoryMultiplier.csproj", "{FC2031C0-0866-4377-ACCA-7189E241C495}"
EndProject
Global
	GlobalSection(SolutionConfigurationPlatforms) = preSolution
		Debug|Any CPU = Debug|Any CPU
		Release|Any CPU = Release|Any CPU
	EndGlobalSection
	GlobalSection(ProjectConfigurationPlatforms) = postSolution
		{FC2031C0-0866-4377-ACCA-7189E241C495}.Debug|Any CPU.ActiveCfg = Debug|Any CPU
		{FC2031C0-0866-4377-ACCA-7189E241C495}.Debug|Any CPU.Build.0 = Debug|Any CPU
		{FC2031C0-0866-4377-ACCA-7189E241C495}.Release|Any CPU.ActiveCfg = Release|Any CPU
		{FC2031C0-0866-4377-ACCA-7189E241C495}.Release|Any CPU.Build.0 = Release|Any CPU
	EndGlobalSection
	GlobalSection(SolutionProperties) = preSolution
		HideSolutionNode = FALSE
	EndGlobalSection
	GlobalSection(ExtensibilityGlobals) = postSolution
		SolutionGuid = {A836CE07-AC71-47F5-AA04-309E267DC5BF}
	EndGlobalSection
EndGlobal
